
Microsoft Visual Studio Solution File, Format Version 12.00
# Visual Studio Version 17
VisualStudioVersion = 17.11.35312.102
MinimumVisualStudioVersion = 10.0.40219.1
Project("{FAE04EC0-301F-11D3-BF4B-00C04F79EFBC}") = "Filtr czarno-biały", "Filtr czarno-biały.csproj", "{D2E1B6AC-5A7E-4D9D-9845-0DEFEB2ACC2E}"
	ProjectSection(ProjectDependencies) = postProject
		{43E0238F-94A4-416C-8B2C-ED1C864151AF} = {43E0238F-94A4-416C-8B2C-ED1C864151AF}
		{F5D34B40-2F36-4B17-AD7C-6B27BA2B8023} = {F5D34B40-2F36-4B17-AD7C-6B27BA2B8023}
	EndProjectSection
EndProject
Project("{8BC9CEB8-8B4A-11D0-8D11-00A0C91BC942}") = "ASM", "ASM\ASM.vcxproj", "{43E0238F-94A4-416C-8B2C-ED1C864151AF}"
EndProject
Project("{FAE04EC0-301F-11D3-BF4B-00C04F79EFBC}") = "BibliotekaCS1", "BibliotekaCS1\BibliotekaCS1.csproj", "{F5D34B40-2F36-4B17-AD7C-6B27BA2B8023}"
EndProject
Global
	GlobalSection(SolutionConfigurationPlatforms) = preSolution
		Debug|Any CPU = Debug|Any CPU
		Debug|x64 = Debug|x64
		Debug|x86 = Debug|x86
		Release|Any CPU = Release|Any CPU
		Release|x64 = Release|x64
		Release|x86 = Release|x86
	EndGlobalSection
	GlobalSection(ProjectConfigurationPlatforms) = postSolution
		{D2E1B6AC-5A7E-4D9D-9845-0DEFEB2ACC2E}.Debug|Any CPU.ActiveCfg = Debug|x64
		{D2E1B6AC-5A7E-4D9D-9845-0DEFEB2ACC2E}.Debug|Any CPU.Build.0 = Debug|x64
		{D2E1B6AC-5A7E-4D9D-9845-0DEFEB2ACC2E}.Debug|x64.ActiveCfg = Debug|x64
		{D2E1B6AC-5A7E-4D9D-9845-0DEFEB2ACC2E}.Debug|x64.Build.0 = Debug|x64
		{D2E1B6AC-5A7E-4D9D-9845-0DEFEB2ACC2E}.Debug|x86.ActiveCfg = Debug|Any CPU
		{D2E1B6AC-5A7E-4D9D-9845-0DEFEB2ACC2E}.Debug|x86.Build.0 = Debug|Any CPU
		{D2E1B6AC-5A7E-4D9D-9845-0DEFEB2ACC2E}.Release|Any CPU.ActiveCfg = Release|Any CPU
		{D2E1B6AC-5A7E-4D9D-9845-0DEFEB2ACC2E}.Release|Any CPU.Build.0 = Release|Any CPU
		{D2E1B6AC-5A7E-4D9D-9845-0DEFEB2ACC2E}.Release|x64.ActiveCfg = Release|x64
		{D2E1B6AC-5A7E-4D9D-9845-0DEFEB2ACC2E}.Release|x64.Build.0 = Release|x64
		{D2E1B6AC-5A7E-4D9D-9845-0DEFEB2ACC2E}.Release|x86.ActiveCfg = Release|Any CPU
		{D2E1B6AC-5A7E-4D9D-9845-0DEFEB2ACC2E}.Release|x86.Build.0 = Release|Any CPU
		{43E0238F-94A4-416C-8B2C-ED1C864151AF}.Debug|Any CPU.ActiveCfg = Debug|x64
		{43E0238F-94A4-416C-8B2C-ED1C864151AF}.Debug|Any CPU.Build.0 = Debug|x64
		{43E0238F-94A4-416C-8B2C-ED1C864151AF}.Debug|x64.ActiveCfg = Debug|x64
		{43E0238F-94A4-416C-8B2C-ED1C864151AF}.Debug|x64.Build.0 = Debug|x64
		{43E0238F-94A4-416C-8B2C-ED1C864151AF}.Debug|x86.ActiveCfg = Debug|Win32
		{43E0238F-94A4-416C-8B2C-ED1C864151AF}.Debug|x86.Build.0 = Debug|Win32
		{43E0238F-94A4-416C-8B2C-ED1C864151AF}.Release|Any CPU.ActiveCfg = Release|x64
		{43E0238F-94A4-416C-8B2C-ED1C864151AF}.Release|Any CPU.Build.0 = Release|x64
		{43E0238F-94A4-416C-8B2C-ED1C864151AF}.Release|x64.ActiveCfg = Release|x64
		{43E0238F-94A4-416C-8B2C-ED1C864151AF}.Release|x64.Build.0 = Release|x64
		{43E0238F-94A4-416C-8B2C-ED1C864151AF}.Release|x86.ActiveCfg = Release|Win32
		{43E0238F-94A4-416C-8B2C-ED1C864151AF}.Release|x86.Build.0 = Release|Win32
		{F5D34B40-2F36-4B17-AD7C-6B27BA2B8023}.Debug|Any CPU.ActiveCfg = Debug|Any CPU
		{F5D34B40-2F36-4B17-AD7C-6B27BA2B8023}.Debug|Any CPU.Build.0 = Debug|Any CPU
		{F5D34B40-2F36-4B17-AD7C-6B27BA2B8023}.Debug|x64.ActiveCfg = Debug|Any CPU
		{F5D34B40-2F36-4B17-AD7C-6B27BA2B8023}.Debug|x64.Build.0 = Debug|Any CPU
		{F5D34B40-2F36-4B17-AD7C-6B27BA2B8023}.Debug|x86.ActiveCfg = Debug|Any CPU
		{F5D34B40-2F36-4B17-AD7C-6B27BA2B8023}.Debug|x86.Build.0 = Debug|Any CPU
		{F5D34B40-2F36-4B17-AD7C-6B27BA2B8023}.Release|Any CPU.ActiveCfg = Release|Any CPU
		{F5D34B40-2F36-4B17-AD7C-6B27BA2B8023}.Release|Any CPU.Build.0 = Release|Any CPU
		{F5D34B40-2F36-4B17-AD7C-6B27BA2B8023}.Release|x64.ActiveCfg = Release|Any CPU
		{F5D34B40-2F36-4B17-AD7C-6B27BA2B8023}.Release|x64.Build.0 = Release|Any CPU
		{F5D34B40-2F36-4B17-AD7C-6B27BA2B8023}.Release|x86.ActiveCfg = Release|Any CPU
		{F5D34B40-2F36-4B17-AD7C-6B27BA2B8023}.Release|x86.Build.0 = Release|Any CPU
	EndGlobalSection
	GlobalSection(SolutionProperties) = preSolution
		HideSolutionNode = FALSE
	EndGlobalSection
	GlobalSection(ExtensibilityGlobals) = postSolution
		SolutionGuid = {D9627632-9281-4F2A-A75E-C6BDE98899DE}
	EndGlobalSection
EndGlobal
